
Microsoft Visual Studio Solution File, Format Version 12.00
# Visual Studio Version 17
VisualStudioVersion = 17.11.35327.3
MinimumVisualStudioVersion = 10.0.40219.1
Project("{FAE04EC0-301F-11D3-BF4B-00C04F79EFBC}") = "SACSharp", "SACSharp.csproj", "{FCCCE062-CA5F-477F-8B53-9A47E8AFDBBD}"
EndProject
Global
	GlobalSection(SolutionConfigurationPlatforms) = preSolution
		Debug|Any CPU = Debug|Any CPU
		Release|Any CPU = Release|Any CPU
	EndGlobalSection
	GlobalSection(ProjectConfigurationPlatforms) = postSolution
		{FCCCE062-CA5F-477F-8B53-9A47E8AFDBBD}.Debug|Any CPU.ActiveCfg = Debug|Any CPU
		{FCCCE062-CA5F-477F-8B53-9A47E8AFDBBD}.Debug|Any CPU.Build.0 = Debug|Any CPU
		{FCCCE062-CA5F-477F-8B53-9A47E8AFDBBD}.Release|Any CPU.ActiveCfg = Release|Any CPU
		{FCCCE062-CA5F-477F-8B53-9A47E8AFDBBD}.Release|Any CPU.Build.0 = Release|Any CPU
	EndGlobalSection
	GlobalSection(SolutionProperties) = preSolution
		HideSolutionNode = FALSE
	EndGlobalSection
	GlobalSection(ExtensibilityGlobals) = postSolution
		SolutionGuid = {61E261C0-5EB0-4D98-B3B1-D50D3DC91F14}
	EndGlobalSection
EndGlobal
